// !$*UTF8*$!
{
	archiveVersion = 1;
	classes = {
	};
	objectVersion = 48;
	objects = {

/* Begin PBXBuildFile section */
		EE515BCD1FCFCF9300704A18 /* AppDelegate.swift in Sources */ = {isa = PBXBuildFile; fileRef = EE515BCC1FCFCF9300704A18 /* AppDelegate.swift */; };
		EE515BCF1FCFCF9300704A18 /* ViewController.swift in Sources */ = {isa = PBXBuildFile; fileRef = EE515BCE1FCFCF9300704A18 /* ViewController.swift */; };
		EE515BD21FCFCF9300704A18 /* Main.storyboard in Resources */ = {isa = PBXBuildFile; fileRef = EE515BD01FCFCF9300704A18 /* Main.storyboard */; };
		EE515BD41FCFCF9300704A18 /* Assets.xcassets in Resources */ = {isa = PBXBuildFile; fileRef = EE515BD31FCFCF9300704A18 /* Assets.xcassets */; };
		EE515BD71FCFCF9300704A18 /* LaunchScreen.storyboard in Resources */ = {isa = PBXBuildFile; fileRef = EE515BD51FCFCF9300704A18 /* LaunchScreen.storyboard */; };
		EE515BE21FCFCF9400704A18 /* QuizTests.swift in Sources */ = {isa = PBXBuildFile; fileRef = EE515BE11FCFCF9400704A18 /* QuizTests.swift */; };
		EE515BED1FCFCF9400704A18 /* QuizUITests.swift in Sources */ = {isa = PBXBuildFile; fileRef = EE515BEC1FCFCF9400704A18 /* QuizUITests.swift */; };
		EE515BFB1FCFEDB900704A18 /* QuizViewController.swift in Sources */ = {isa = PBXBuildFile; fileRef = EE515BFA1FCFEDB900704A18 /* QuizViewController.swift */; };
		EE571CEE1FD4D6AB00BC89FC /* resultViewController.swift in Sources */ = {isa = PBXBuildFile; fileRef = EE571CED1FD4D6AB00BC89FC /* resultViewController.swift */; };
/* End PBXBuildFile section */

/* Begin PBXContainerItemProxy section */
		EE515BDE1FCFCF9400704A18 /* PBXContainerItemProxy */ = {
			isa = PBXContainerItemProxy;
			containerPortal = EE515BC11FCFCF9300704A18 /* Project object */;
			proxyType = 1;
			remoteGlobalIDString = EE515BC81FCFCF9300704A18;
			remoteInfo = Quiz;
		};
		EE515BE91FCFCF9400704A18 /* PBXContainerItemProxy */ = {
			isa = PBXContainerItemProxy;
			containerPortal = EE515BC11FCFCF9300704A18 /* Project object */;
			proxyType = 1;
			remoteGlobalIDString = EE515BC81FCFCF9300704A18;
			remoteInfo = Quiz;
		};
/* End PBXContainerItemProxy section */

/* Begin PBXFileReference section */
		EE515BC91FCFCF9300704A18 /* Quiz.app */ = {isa = PBXFileReference; explicitFileType = wrapper.application; includeInIndex = 0; path = Quiz.app; sourceTree = BUILT_PRODUCTS_DIR; };
		EE515BCC1FCFCF9300704A18 /* AppDelegate.swift */ = {isa = PBXFileReference; lastKnownFileType = sourcecode.swift; path = AppDelegate.swift; sourceTree = "<group>"; };
		EE515BCE1FCFCF9300704A18 /* ViewController.swift */ = {isa = PBXFileReference; lastKnownFileType = sourcecode.swift; path = ViewController.swift; sourceTree = "<group>"; };
		EE515BD11FCFCF9300704A18 /* Base */ = {isa = PBXFileReference; lastKnownFileType = file.storyboard; name = Base; path = Base.lproj/Main.storyboard; sourceTree = "<group>"; };
		EE515BD31FCFCF9300704A18 /* Assets.xcassets */ = {isa = PBXFileReference; lastKnownFileType = folder.assetcatalog; path = Assets.xcassets; sourceTree = "<group>"; };
		EE515BD61FCFCF9300704A18 /* Base */ = {isa = PBXFileReference; lastKnownFileType = file.storyboard; name = Base; path = Base.lproj/LaunchScreen.storyboard; sourceTree = "<group>"; };
		EE515BD81FCFCF9300704A18 /* Info.plist */ = {isa = PBXFileReference; lastKnownFileType = text.plist.xml; path = Info.plist; sourceTree = "<group>"; };
		EE515BDD1FCFCF9400704A18 /* QuizTests.xctest */ = {isa = PBXFileReference; explicitFileType = wrapper.cfbundle; includeInIndex = 0; path = QuizTests.xctest; sourceTree = BUILT_PRODUCTS_DIR; };
		EE515BE11FCFCF9400704A18 /* QuizTests.swift */ = {isa = PBXFileReference; lastKnownFileType = sourcecode.swift; path = QuizTests.swift; sourceTree = "<group>"; };
		EE515BE31FCFCF9400704A18 /* Info.plist */ = {isa = PBXFileReference; lastKnownFileType = text.plist.xml; path = Info.plist; sourceTree = "<group>"; };
		EE515BE81FCFCF9400704A18 /* QuizUITests.xctest */ = {isa = PBXFileReference; explicitFileType = wrapper.cfbundle; includeInIndex = 0; path = QuizUITests.xctest; sourceTree = BUILT_PRODUCTS_DIR; };
		EE515BEC1FCFCF9400704A18 /* QuizUITests.swift */ = {isa = PBXFileReference; lastKnownFileType = sourcecode.swift; path = QuizUITests.swift; sourceTree = "<group>"; };
		EE515BEE1FCFCF9400704A18 /* Info.plist */ = {isa = PBXFileReference; lastKnownFileType = text.plist.xml; path = Info.plist; sourceTree = "<group>"; };
		EE515BFA1FCFEDB900704A18 /* QuizViewController.swift */ = {isa = PBXFileReference; lastKnownFileType = sourcecode.swift; path = QuizViewController.swift; sourceTree = "<group>"; };
		EE571CED1FD4D6AB00BC89FC /* resultViewController.swift */ = {isa = PBXFileReference; lastKnownFileType = sourcecode.swift; path = resultViewController.swift; sourceTree = "<group>"; };
/* End PBXFileReference section */

/* Begin PBXFrameworksBuildPhase section */
		EE515BC61FCFCF9300704A18 /* Frameworks */ = {
			isa = PBXFrameworksBuildPhase;
			buildActionMask = 2147483647;
			files = (
			);
			runOnlyForDeploymentPostprocessing = 0;
		};
		EE515BDA1FCFCF9400704A18 /* Frameworks */ = {
			isa = PBXFrameworksBuildPhase;
			buildActionMask = 2147483647;
			files = (
			);
			runOnlyForDeploymentPostprocessing = 0;
		};
		EE515BE51FCFCF9400704A18 /* Frameworks */ = {
			isa = PBXFrameworksBuildPhase;
			buildActionMask = 2147483647;
			files = (
			);
			runOnlyForDeploymentPostprocessing = 0;
		};
/* End PBXFrameworksBuildPhase section */

/* Begin PBXGroup section */
		EE515BC01FCFCF9300704A18 = {
			isa = PBXGroup;
			children = (
				EE515BCB1FCFCF9300704A18 /* Quiz */,
				EE515BE01FCFCF9400704A18 /* QuizTests */,
				EE515BEB1FCFCF9400704A18 /* QuizUITests */,
				EE515BCA1FCFCF9300704A18 /* Products */,
			);
			sourceTree = "<group>";
		};
		EE515BCA1FCFCF9300704A18 /* Products */ = {
			isa = PBXGroup;
			children = (
				EE515BC91FCFCF9300704A18 /* Quiz.app */,
				EE515BDD1FCFCF9400704A18 /* QuizTests.xctest */,
				EE515BE81FCFCF9400704A18 /* QuizUITests.xctest */,
			);
			name = Products;
			sourceTree = "<group>";
		};
		EE515BCB1FCFCF9300704A18 /* Quiz */ = {
			isa = PBXGroup;
			children = (
				EE515BCC1FCFCF9300704A18 /* AppDelegate.swift */,
				EE515BCE1FCFCF9300704A18 /* ViewController.swift */,
				EE515BD01FCFCF9300704A18 /* Main.storyboard */,
				EE515BD31FCFCF9300704A18 /* Assets.xcassets */,
				EE515BD51FCFCF9300704A18 /* LaunchScreen.storyboard */,
				EE515BD81FCFCF9300704A18 /* Info.plist */,
				EE515BFA1FCFEDB900704A18 /* QuizViewController.swift */,
				EE571CED1FD4D6AB00BC89FC /* resultViewController.swift */,
			);
			path = Quiz;
			sourceTree = "<group>";
		};
		EE515BE01FCFCF9400704A18 /* QuizTests */ = {
			isa = PBXGroup;
			children = (
				EE515BE11FCFCF9400704A18 /* QuizTests.swift */,
				EE515BE31FCFCF9400704A18 /* Info.plist */,
			);
			path = QuizTests;
			sourceTree = "<group>";
		};
		EE515BEB1FCFCF9400704A18 /* QuizUITests */ = {
			isa = PBXGroup;
			children = (
				EE515BEC1FCFCF9400704A18 /* QuizUITests.swift */,
				EE515BEE1FCFCF9400704A18 /* Info.plist */,
			);
			path = QuizUITests;
			sourceTree = "<group>";
		};
/* End PBXGroup section */

/* Begin PBXNativeTarget section */
		EE515BC81FCFCF9300704A18 /* Quiz */ = {
			isa = PBXNativeTarget;
			buildConfigurationList = EE515BF11FCFCF9400704A18 /* Build configuration list for PBXNativeTarget "Quiz" */;
			buildPhases = (
				EE515BC51FCFCF9300704A18 /* Sources */,
				EE515BC61FCFCF9300704A18 /* Frameworks */,
				EE515BC71FCFCF9300704A18 /* Resources */,
			);
			buildRules = (
			);
			dependencies = (
			);
			name = Quiz;
			productName = Quiz;
			productReference = EE515BC91FCFCF9300704A18 /* Quiz.app */;
			productType = "com.apple.product-type.application";
		};
		EE515BDC1FCFCF9400704A18 /* QuizTests */ = {
			isa = PBXNativeTarget;
			buildConfigurationList = EE515BF41FCFCF9400704A18 /* Build configuration list for PBXNativeTarget "QuizTests" */;
			buildPhases = (
				EE515BD91FCFCF9400704A18 /* Sources */,
				EE515BDA1FCFCF9400704A18 /* Frameworks */,
				EE515BDB1FCFCF9400704A18 /* Resources */,
			);
			buildRules = (
			);
			dependencies = (
				EE515BDF1FCFCF9400704A18 /* PBXTargetDependency */,
			);
			name = QuizTests;
			productName = QuizTests;
			productReference = EE515BDD1FCFCF9400704A18 /* QuizTests.xctest */;
			productType = "com.apple.product-type.bundle.unit-test";
		};
		EE515BE71FCFCF9400704A18 /* QuizUITests */ = {
			isa = PBXNativeTarget;
			buildConfigurationList = EE515BF71FCFCF9400704A18 /* Build configuration list for PBXNativeTarget "QuizUITests" */;
			buildPhases = (
				EE515BE41FCFCF9400704A18 /* Sources */,
				EE515BE51FCFCF9400704A18 /* Frameworks */,
				EE515BE61FCFCF9400704A18 /* Resources */,
			);
			buildRules = (
			);
			dependencies = (
				EE515BEA1FCFCF9400704A18 /* PBXTargetDependency */,
			);
			name = QuizUITests;
			productName = QuizUITests;
			productReference = EE515BE81FCFCF9400704A18 /* QuizUITests.xctest */;
			productType = "com.apple.product-type.bundle.ui-testing";
		};
/* End PBXNativeTarget section */

/* Begin PBXProject section */
		EE515BC11FCFCF9300704A18 /* Project object */ = {
			isa = PBXProject;
			attributes = {
				LastSwiftUpdateCheck = 0900;
				LastUpgradeCheck = 0900;
				ORGANIZATIONNAME = "Maho Misumi";
				TargetAttributes = {
					EE515BC81FCFCF9300704A18 = {
						CreatedOnToolsVersion = 9.0;
						ProvisioningStyle = Automatic;
					};
					EE515BDC1FCFCF9400704A18 = {
						CreatedOnToolsVersion = 9.0;
						ProvisioningStyle = Automatic;
						TestTargetID = EE515BC81FCFCF9300704A18;
					};
					EE515BE71FCFCF9400704A18 = {
						CreatedOnToolsVersion = 9.0;
						ProvisioningStyle = Automatic;
						TestTargetID = EE515BC81FCFCF9300704A18;
					};
				};
			};
			buildConfigurationList = EE515BC41FCFCF9300704A18 /* Build configuration list for PBXProject "Quiz" */;
			compatibilityVersion = "Xcode 8.0";
			developmentRegion = en;
			hasScannedForEncodings = 0;
			knownRegions = (
				en,
				Base,
			);
			mainGroup = EE515BC01FCFCF9300704A18;
			productRefGroup = EE515BCA1FCFCF9300704A18 /* Products */;
			projectDirPath = "";
			projectRoot = "";
			targets = (
				EE515BC81FCFCF9300704A18 /* Quiz */,
				EE515BDC1FCFCF9400704A18 /* QuizTests */,
				EE515BE71FCFCF9400704A18 /* QuizUITests */,
			);
		};
/* End PBXProject section */

/* Begin PBXResourcesBuildPhase section */
		EE515BC71FCFCF9300704A18 /* Resources */ = {
			isa = PBXResourcesBuildPhase;
			buildActionMask = 2147483647;
			files = (
				EE515BD71FCFCF9300704A18 /* LaunchScreen.storyboard in Resources */,
				EE515BD41FCFCF9300704A18 /* Assets.xcassets in Resources */,
				EE515BD21FCFCF9300704A18 /* Main.storyboard in Resources */,
			);
			runOnlyForDeploymentPostprocessing = 0;
		};
		EE515BDB1FCFCF9400704A18 /* Resources */ = {
			isa = PBXResourcesBuildPhase;
			buildActionMask = 2147483647;
			files = (
			);
			runOnlyForDeploymentPostprocessing = 0;
		};
		EE515BE61FCFCF9400704A18 /* Resources */ = {
			isa = PBXResourcesBuildPhase;
			buildActionMask = 2147483647;
			files = (
			);
			runOnlyForDeploymentPostprocessing = 0;
		};
/* End PBXResourcesBuildPhase section */

/* Begin PBXSourcesBuildPhase section */
		EE515BC51FCFCF9300704A18 /* Sources */ = {
			isa = PBXSourcesBuildPhase;
			buildActionMask = 2147483647;
			files = (
				EE515BFB1FCFEDB900704A18 /* QuizViewController.swift in Sources */,
				EE515BCF1FCFCF9300704A18 /* ViewController.swift in Sources */,
				EE515BCD1FCFCF9300704A18 /* AppDelegate.swift in Sources */,
				EE571CEE1FD4D6AB00BC89FC /* resultViewController.swift in Sources */,
			);
			runOnlyForDeploymentPostprocessing = 0;
		};
		EE515BD91FCFCF9400704A18 /* Sources */ = {
			isa = PBXSourcesBuildPhase;
			buildActionMask = 2147483647;
			files = (
				EE515BE21FCFCF9400704A18 /* QuizTests.swift in Sources */,
			);
			runOnlyForDeploymentPostprocessing = 0;
		};
		EE515BE41FCFCF9400704A18 /* Sources */ = {
			isa = PBXSourcesBuildPhase;
			buildActionMask = 2147483647;
			files = (
				EE515BED1FCFCF9400704A18 /* QuizUITests.swift in Sources */,
			);
			runOnlyForDeploymentPostprocessing = 0;
		};
/* End PBXSourcesBuildPhase section */

/* Begin PBXTargetDependency section */
		EE515BDF1FCFCF9400704A18 /* PBXTargetDependency */ = {
			isa = PBXTargetDependency;
			target = EE515BC81FCFCF9300704A18 /* Quiz */;
			targetProxy = EE515BDE1FCFCF9400704A18 /* PBXContainerItemProxy */;
		};
		EE515BEA1FCFCF9400704A18 /* PBXTargetDependency */ = {
			isa = PBXTargetDependency;
			target = EE515BC81FCFCF9300704A18 /* Quiz */;
			targetProxy = EE515BE91FCFCF9400704A18 /* PBXContainerItemProxy */;
		};
/* End PBXTargetDependency section */

/* Begin PBXVariantGroup section */
		EE515BD01FCFCF9300704A18 /* Main.storyboard */ = {
			isa = PBXVariantGroup;
			children = (
				EE515BD11FCFCF9300704A18 /* Base */,
			);
			name = Main.storyboard;
			sourceTree = "<group>";
		};
		EE515BD51FCFCF9300704A18 /* LaunchScreen.storyboard */ = {
			isa = PBXVariantGroup;
			children = (
				EE515BD61FCFCF9300704A18 /* Base */,
			);
			name = LaunchScreen.storyboard;
			sourceTree = "<group>";
		};
/* End PBXVariantGroup section */

/* Begin XCBuildConfiguration section */
		EE515BEF1FCFCF9400704A18 /* Debug */ = {
			isa = XCBuildConfiguration;
			buildSettings = {
				ALWAYS_SEARCH_USER_PATHS = NO;
				CLANG_ANALYZER_NONNULL = YES;
				CLANG_ANALYZER_NUMBER_OBJECT_CONVERSION = YES_AGGRESSIVE;
				CLANG_CXX_LANGUAGE_STANDARD = "gnu++14";
				CLANG_CXX_LIBRARY = "libc++";
				CLANG_ENABLE_MODULES = YES;
				CLANG_ENABLE_OBJC_ARC = YES;
				CLANG_WARN_BLOCK_CAPTURE_AUTORELEASING = YES;
				CLANG_WARN_BOOL_CONVERSION = YES;
				CLANG_WARN_COMMA = YES;
				CLANG_WARN_CONSTANT_CONVERSION = YES;
				CLANG_WARN_DIRECT_OBJC_ISA_USAGE = YES_ERROR;
				CLANG_WARN_DOCUMENTATION_COMMENTS = YES;
				CLANG_WARN_EMPTY_BODY = YES;
				CLANG_WARN_ENUM_CONVERSION = YES;
				CLANG_WARN_INFINITE_RECURSION = YES;
				CLANG_WARN_INT_CONVERSION = YES;
				CLANG_WARN_NON_LITERAL_NULL_CONVERSION = YES;
				CLANG_WARN_OBJC_LITERAL_CONVERSION = YES;
				CLANG_WARN_OBJC_ROOT_CLASS = YES_ERROR;
				CLANG_WARN_RANGE_LOOP_ANALYSIS = YES;
				CLANG_WARN_STRICT_PROTOTYPES = YES;
				CLANG_WARN_SUSPICIOUS_MOVE = YES;
				CLANG_WARN_UNGUARDED_AVAILABILITY = YES_AGGRESSIVE;
				CLANG_WARN_UNREACHABLE_CODE = YES;
				CLANG_WARN__DUPLICATE_METHOD_MATCH = YES;
				CODE_SIGN_IDENTITY = "iPhone Developer";
				COPY_PHASE_STRIP = NO;
				DEBUG_INFORMATION_FORMAT = dwarf;
				ENABLE_STRICT_OBJC_MSGSEND = YES;
				ENABLE_TESTABILITY = YES;
				GCC_C_LANGUAGE_STANDARD = gnu11;
				GCC_DYNAMIC_NO_PIC = NO;
				GCC_NO_COMMON_BLOCKS = YES;
				GCC_OPTIMIZATION_LEVEL = 0;
				GCC_PREPROCESSOR_DEFINITIONS = (
					"DEBUG=1",
					"$(inherited)",
				);
				GCC_WARN_64_TO_32_BIT_CONVERSION = YES;
				GCC_WARN_ABOUT_RETURN_TYPE = YES_ERROR;
				GCC_WARN_UNDECLARED_SELECTOR = YES;
				GCC_WARN_UNINITIALIZED_AUTOS = YES_AGGRESSIVE;
				GCC_WARN_UNUSED_FUNCTION = YES;
				GCC_WARN_UNUSED_VARIABLE = YES;
				IPHONEOS_DEPLOYMENT_TARGET = 11.0;
				MTL_ENABLE_DEBUG_INFO = YES;
				ONLY_ACTIVE_ARCH = YES;
				SDKROOT = iphoneos;
				SWIFT_ACTIVE_COMPILATION_CONDITIONS = DEBUG;
				SWIFT_OPTIMIZATION_LEVEL = "-Onone";
			};
			name = Debug;
		};
		EE515BF01FCFCF9400704A18 /* Release */ = {
			isa = XCBuildConfiguration;
			buildSettings = {
				ALWAYS_SEARCH_USER_PATHS = NO;
				CLANG_ANALYZER_NONNULL = YES;
				CLANG_ANALYZER_NUMBER_OBJECT_CONVERSION = YES_AGGRESSIVE;
				CLANG_CXX_LANGUAGE_STANDARD = "gnu++14";
				CLANG_CXX_LIBRARY = "libc++";
				CLANG_ENABLE_MODULES = YES;
				CLANG_ENABLE_OBJC_ARC = YES;
				CLANG_WARN_BLOCK_CAPTURE_AUTORELEASING = YES;
				CLANG_WARN_BOOL_CONVERSION = YES;
				CLANG_WARN_COMMA = YES;
				CLANG_WARN_CONSTANT_CONVERSION = YES;
				CLANG_WARN_DIRECT_OBJC_ISA_USAGE = YES_ERROR;
				CLANG_WARN_DOCUMENTATION_COMMENTS = YES;
				CLANG_WARN_EMPTY_BODY = YES;
				CLANG_WARN_ENUM_CONVERSION = YES;
				CLANG_WARN_INFINITE_RECURSION = YES;
				CLANG_WARN_INT_CONVERSION = YES;
				CLANG_WARN_NON_LITERAL_NULL_CONVERSION = YES;
				CLANG_WARN_OBJC_LITERAL_CONVERSION = YES;
				CLANG_WARN_OBJC_ROOT_CLASS = YES_ERROR;
				CLANG_WARN_RANGE_LOOP_ANALYSIS = YES;
				CLANG_WARN_STRICT_PROTOTYPES = YES;
				CLANG_WARN_SUSPICIOUS_MOVE = YES;
				CLANG_WARN_UNGUARDED_AVAILABILITY = YES_AGGRESSIVE;
				CLANG_WARN_UNREACHABLE_CODE = YES;
				CLANG_WARN__DUPLICATE_METHOD_MATCH = YES;
				CODE_SIGN_IDENTITY = "iPhone Developer";
				COPY_PHASE_STRIP = NO;
				DEBUG_INFORMATION_FORMAT = "dwarf-with-dsym";
				ENABLE_NS_ASSERTIONS = NO;
				ENABLE_STRICT_OBJC_MSGSEND = YES;
				GCC_C_LANGUAGE_STANDARD = gnu11;
				GCC_NO_COMMON_BLOCKS = YES;
				GCC_WARN_64_TO_32_BIT_CONVERSION = YES;
				GCC_WARN_ABOUT_RETURN_TYPE = YES_ERROR;
				GCC_WARN_UNDECLARED_SELECTOR = YES;
				GCC_WARN_UNINITIALIZED_AUTOS = YES_AGGRESSIVE;
				GCC_WARN_UNUSED_FUNCTION = YES;
				GCC_WARN_UNUSED_VARIABLE = YES;
				IPHONEOS_DEPLOYMENT_TARGET = 11.0;
				MTL_ENABLE_DEBUG_INFO = NO;
				SDKROOT = iphoneos;
				SWIFT_OPTIMIZATION_LEVEL = "-Owholemodule";
				VALIDATE_PRODUCT = YES;
			};
			name = Release;
		};
		EE515BF21FCFCF9400704A18 /* Debug */ = {
			isa = XCBuildConfiguration;
			buildSettings = {
				ASSETCATALOG_COMPILER_APPICON_NAME = AppIcon;
				CODE_SIGN_STYLE = Automatic;
				INFOPLIST_FILE = Quiz/Info.plist;
				LD_RUNPATH_SEARCH_PATHS = "$(inherited) @executable_path/Frameworks";
				PRODUCT_BUNDLE_IDENTIFIER = maho.com.Quiz;
				PRODUCT_NAME = "$(TARGET_NAME)";
				SWIFT_VERSION = 4.0;
				TARGETED_DEVICE_FAMILY = "1,2";
			};
			name = Debug;
		};
		EE515BF31FCFCF9400704A18 /* Release */ = {
			isa = XCBuildConfiguration;
			buildSettings = {
				ASSETCATALOG_COMPILER_APPICON_NAME = AppIcon;
				CODE_SIGN_STYLE = Automatic;
				INFOPLIST_FILE = Quiz/Info.plist;
				LD_RUNPATH_SEARCH_PATHS = "$(inherited) @executable_path/Frameworks";
				PRODUCT_BUNDLE_IDENTIFIER = maho.com.Quiz;
				PRODUCT_NAME = "$(TARGET_NAME)";
				SWIFT_VERSION = 4.0;
				TARGETED_DEVICE_FAMILY = "1,2";
			};
			name = Release;
		};
		EE515BF51FCFCF9400704A18 /* Debug */ = {
			isa = XCBuildConfiguration;
			buildSettings = {
				ALWAYS_EMBED_SWIFT_STANDARD_LIBRARIES = YES;
				BUNDLE_LOADER = "$(TEST_HOST)";
				CODE_SIGN_STYLE = Automatic;
				INFOPLIST_FILE = QuizTests/Info.plist;
				LD_RUNPATH_SEARCH_PATHS = "$(inherited) @executable_path/Frameworks @loader_path/Frameworks";
				PRODUCT_BUNDLE_IDENTIFIER = maho.com.QuizTests;
				PRODUCT_NAME = "$(TARGET_NAME)";
				SWIFT_VERSION = 4.0;
				TARGETED_DEVICE_FAMILY = "1,2";
				TEST_HOST = "$(BUILT_PRODUCTS_DIR)/Quiz.app/Quiz";
			};
			name = Debug;
		};
		EE515BF61FCFCF9400704A18 /* Release */ = {
			isa = XCBuildConfiguration;
			buildSettings = {
				ALWAYS_EMBED_SWIFT_STANDARD_LIBRARIES = YES;
				BUNDLE_LOADER = "$(TEST_HOST)";
				CODE_SIGN_STYLE = Automatic;
				INFOPLIST_FILE = QuizTests/Info.plist;
				LD_RUNPATH_SEARCH_PATHS = "$(inherited) @executable_path/Frameworks @loader_path/Frameworks";
				PRODUCT_BUNDLE_IDENTIFIER = maho.com.QuizTests;
				PRODUCT_NAME = "$(TARGET_NAME)";
				SWIFT_VERSION = 4.0;
				TARGETED_DEVICE_FAMILY = "1,2";
				TEST_HOST = "$(BUILT_PRODUCTS_DIR)/Quiz.app/Quiz";
			};
			name = Release;
		};
		EE515BF81FCFCF9400704A18 /* Debug */ = {
			isa = XCBuildConfiguration;
			buildSettings = {
				ALWAYS_EMBED_SWIFT_STANDARD_LIBRARIES = YES;
				CODE_SIGN_STYLE = Automatic;
				INFOPLIST_FILE = QuizUITests/Info.plist;
				LD_RUNPATH_SEARCH_PATHS = "$(inherited) @executable_path/Frameworks @loader_path/Frameworks";
				PRODUCT_BUNDLE_IDENTIFIER = maho.com.QuizUITests;
				PRODUCT_NAME = "$(TARGET_NAME)";
				SWIFT_VERSION = 4.0;
				TARGETED_DEVICE_FAMILY = "1,2";
				TEST_TARGET_NAME = Quiz;
			};
			name = Debug;
		};
		EE515BF91FCFCF9400704A18 /* Release */ = {
			isa = XCBuildConfiguration;
			buildSettings = {
				ALWAYS_EMBED_SWIFT_STANDARD_LIBRARIES = YES;
				CODE_SIGN_STYLE = Automatic;
				INFOPLIST_FILE = QuizUITests/Info.plist;
				LD_RUNPATH_SEARCH_PATHS = "$(inherited) @executable_path/Frameworks @loader_path/Frameworks";
				PRODUCT_BUNDLE_IDENTIFIER = maho.com.QuizUITests;
				PRODUCT_NAME = "$(TARGET_NAME)";
				SWIFT_VERSION = 4.0;
				TARGETED_DEVICE_FAMILY = "1,2";
				TEST_TARGET_NAME = Quiz;
			};
			name = Release;
		};
/* End XCBuildConfiguration section */

/* Begin XCConfigurationList section */
		EE515BC41FCFCF9300704A18 /* Build configuration list for PBXProject "Quiz" */ = {
			isa = XCConfigurationList;
			buildConfigurations = (
				EE515BEF1FCFCF9400704A18 /* Debug */,
				EE515BF01FCFCF9400704A18 /* Release */,
			);
			defaultConfigurationIsVisible = 0;
			defaultConfigurationName = Release;
		};
		EE515BF11FCFCF9400704A18 /* Build configuration list for PBXNativeTarget "Quiz" */ = {
			isa = XCConfigurationList;
			buildConfigurations = (
				EE515BF21FCFCF9400704A18 /* Debug */,
				EE515BF31FCFCF9400704A18 /* Release */,
			);
			defaultConfigurationIsVisible = 0;
			defaultConfigurationName = Release;
		};
		EE515BF41FCFCF9400704A18 /* Build configuration list for PBXNativeTarget "QuizTests" */ = {
			isa = XCConfigurationList;
			buildConfigurations = (
				EE515BF51FCFCF9400704A18 /* Debug */,
				EE515BF61FCFCF9400704A18 /* Release */,
			);
			defaultConfigurationIsVisible = 0;
			defaultConfigurationName = Release;
		};
		EE515BF71FCFCF9400704A18 /* Build configuration list for PBXNativeTarget "QuizUITests" */ = {
			isa = XCConfigurationList;
			buildConfigurations = (
				EE515BF81FCFCF9400704A18 /* Debug */,
				EE515BF91FCFCF9400704A18 /* Release */,
			);
			defaultConfigurationIsVisible = 0;
			defaultConfigurationName = Release;
		};
/* End XCConfigurationList section */
	};
	rootObject = EE515BC11FCFCF9300704A18 /* Project object */;
}
